
Microsoft Visual Studio Solution File, Format Version 12.00
# Visual Studio Version 17
VisualStudioVersion = 17.2.32630.192
MinimumVisualStudioVersion = 10.0.40219.1
Project("{FAE04EC0-301F-11D3-BF4B-00C04F79EFBC}") = "Frequency", "Frequency\Frequency.csproj", "{D5C72820-EEA8-4B26-9DDD-5F819DF41D57}"
EndProject
Global
	GlobalSection(SolutionConfigurationPlatforms) = preSolution
		Debug|Any CPU = Debug|Any CPU
		Release|Any CPU = Release|Any CPU
	EndGlobalSection
	GlobalSection(ProjectConfigurationPlatforms) = postSolution
		{D5C72820-EEA8-4B26-9DDD-5F819DF41D57}.Debug|Any CPU.ActiveCfg = Debug|Any CPU
		{D5C72820-EEA8-4B26-9DDD-5F819DF41D57}.Debug|Any CPU.Build.0 = Debug|Any CPU
		{D5C72820-EEA8-4B26-9DDD-5F819DF41D57}.Release|Any CPU.ActiveCfg = Release|Any CPU
		{D5C72820-EEA8-4B26-9DDD-5F819DF41D57}.Release|Any CPU.Build.0 = Release|Any CPU
	EndGlobalSection
	GlobalSection(SolutionProperties) = preSolution
		HideSolutionNode = FALSE
	EndGlobalSection
	GlobalSection(ExtensibilityGlobals) = postSolution
		SolutionGuid = {356B17DF-4735-42E8-A68D-4A31FFA6F5E7}
	EndGlobalSection
EndGlobal
